
Microsoft Visual Studio Solution File, Format Version 12.00
# Visual Studio Version 17
VisualStudioVersion = 17.4.33205.214
MinimumVisualStudioVersion = 10.0.40219.1
Project("{FAE04EC0-301F-11D3-BF4B-00C04F79EFBC}") = "Blog.Core.Api", "Blog.Core\Blog.Core.Api.csproj", "{901F0477-08AA-4085-B37C-5772B698C8CF}"
EndProject
Project("{FAE04EC0-301F-11D3-BF4B-00C04F79EFBC}") = "Blog.Core.Model", "Blog.Core.Model\Blog.Core.Model.csproj", "{FA6B7778-AC44-4266-B879-4EA0C9BE0BD4}"
EndProject
Global
	GlobalSection(SolutionConfigurationPlatforms) = preSolution
		Debug|Any CPU = Debug|Any CPU
		Release|Any CPU = Release|Any CPU
	EndGlobalSection
	GlobalSection(ProjectConfigurationPlatforms) = postSolution
		{901F0477-08AA-4085-B37C-5772B698C8CF}.Debug|Any CPU.ActiveCfg = Debug|Any CPU
		{901F0477-08AA-4085-B37C-5772B698C8CF}.Debug|Any CPU.Build.0 = Debug|Any CPU
		{901F0477-08AA-4085-B37C-5772B698C8CF}.Release|Any CPU.ActiveCfg = Release|Any CPU
		{901F0477-08AA-4085-B37C-5772B698C8CF}.Release|Any CPU.Build.0 = Release|Any CPU
		{FA6B7778-AC44-4266-B879-4EA0C9BE0BD4}.Debug|Any CPU.ActiveCfg = Debug|Any CPU
		{FA6B7778-AC44-4266-B879-4EA0C9BE0BD4}.Debug|Any CPU.Build.0 = Debug|Any CPU
		{FA6B7778-AC44-4266-B879-4EA0C9BE0BD4}.Release|Any CPU.ActiveCfg = Release|Any CPU
		{FA6B7778-AC44-4266-B879-4EA0C9BE0BD4}.Release|Any CPU.Build.0 = Release|Any CPU
	EndGlobalSection
	GlobalSection(SolutionProperties) = preSolution
		HideSolutionNode = FALSE
	EndGlobalSection
	GlobalSection(ExtensibilityGlobals) = postSolution
		SolutionGuid = {6E94FD1E-D9A2-41A3-9192-F6561CC0386A}
	EndGlobalSection
EndGlobal
